
Microsoft Visual Studio Solution File, Format Version 12.00
# Visual Studio Version 16
VisualStudioVersion = 16.0.29806.167
MinimumVisualStudioVersion = 10.0.40219.1
Project("{9A19103F-16F7-4668-BE54-9A1E7A4F7556}") = "ToDoWebApp", "ToDoWebApp\ToDoWebApp.csproj", "{EE39651A-8BA4-4FEF-8BE6-D4AE00440BB5}"
EndProject
Project("{FAE04EC0-301F-11D3-BF4B-00C04F79EFBC}") = "ToDoWebApp.AutomatedUITests", "ToDoWebApp.AutomatedUITests\ToDoWebApp.AutomatedUITests.csproj", "{84198A3F-1E7E-4BC1-9336-3A5EFCC042BA}"
EndProject
Global
	GlobalSection(SolutionConfigurationPlatforms) = preSolution
		Debug|Any CPU = Debug|Any CPU
		Release|Any CPU = Release|Any CPU
	EndGlobalSection
	GlobalSection(ProjectConfigurationPlatforms) = postSolution
		{EE39651A-8BA4-4FEF-8BE6-D4AE00440BB5}.Debug|Any CPU.ActiveCfg = Debug|Any CPU
		{EE39651A-8BA4-4FEF-8BE6-D4AE00440BB5}.Debug|Any CPU.Build.0 = Debug|Any CPU
		{EE39651A-8BA4-4FEF-8BE6-D4AE00440BB5}.Release|Any CPU.ActiveCfg = Release|Any CPU
		{EE39651A-8BA4-4FEF-8BE6-D4AE00440BB5}.Release|Any CPU.Build.0 = Release|Any CPU
		{84198A3F-1E7E-4BC1-9336-3A5EFCC042BA}.Debug|Any CPU.ActiveCfg = Debug|Any CPU
		{84198A3F-1E7E-4BC1-9336-3A5EFCC042BA}.Debug|Any CPU.Build.0 = Debug|Any CPU
		{84198A3F-1E7E-4BC1-9336-3A5EFCC042BA}.Release|Any CPU.ActiveCfg = Release|Any CPU
		{84198A3F-1E7E-4BC1-9336-3A5EFCC042BA}.Release|Any CPU.Build.0 = Release|Any CPU
	EndGlobalSection
	GlobalSection(SolutionProperties) = preSolution
		HideSolutionNode = FALSE
	EndGlobalSection
	GlobalSection(ExtensibilityGlobals) = postSolution
		SolutionGuid = {79D546D5-8429-45BD-8B9B-823C7C8CEDEC}
	EndGlobalSection
EndGlobal
